
Microsoft Visual Studio Solution File, Format Version 12.00
# Visual Studio Version 17
VisualStudioVersion = 17.8.34330.188
MinimumVisualStudioVersion = 10.0.40219.1
Project("{FAE04EC0-301F-11D3-BF4B-00C04F79EFBC}") = "SQL Project", "SQL Project.csproj", "{51D373E9-F0CB-4499-9FDD-30F5297BDADD}"
EndProject
Global
	GlobalSection(SolutionConfigurationPlatforms) = preSolution
		Debug|Any CPU = Debug|Any CPU
		Release|Any CPU = Release|Any CPU
	EndGlobalSection
	GlobalSection(ProjectConfigurationPlatforms) = postSolution
		{51D373E9-F0CB-4499-9FDD-30F5297BDADD}.Debug|Any CPU.ActiveCfg = Debug|Any CPU
		{51D373E9-F0CB-4499-9FDD-30F5297BDADD}.Debug|Any CPU.Build.0 = Debug|Any CPU
		{51D373E9-F0CB-4499-9FDD-30F5297BDADD}.Release|Any CPU.ActiveCfg = Release|Any CPU
		{51D373E9-F0CB-4499-9FDD-30F5297BDADD}.Release|Any CPU.Build.0 = Release|Any CPU
	EndGlobalSection
	GlobalSection(SolutionProperties) = preSolution
		HideSolutionNode = FALSE
	EndGlobalSection
	GlobalSection(ExtensibilityGlobals) = postSolution
		SolutionGuid = {5E486147-3CF9-474E-9F26-B9A6D159441C}
	EndGlobalSection
EndGlobal
